
Microsoft Visual Studio Solution File, Format Version 12.00
# Visual Studio 15
VisualStudioVersion = 15.0.26730.16
MinimumVisualStudioVersion = 10.0.40219.1
Project("{FAE04EC0-301F-11D3-BF4B-00C04F79EFBC}") = "DumpBasicGraphDatabase", "ClassLibrary1\DumpBasicGraphDatabase.csproj", "{6E0A1DA4-401C-46E4-8CBB-A97B9F93EAB2}"
EndProject
Project("{FAE04EC0-301F-11D3-BF4B-00C04F79EFBC}") = "ConsoleApp1", "ConsoleApp1\ConsoleApp1.csproj", "{C23EB916-0103-4525-84C9-5BCF9156BA17}"
EndProject
Global
	GlobalSection(SolutionConfigurationPlatforms) = preSolution
		Debug|Any CPU = Debug|Any CPU
		Release|Any CPU = Release|Any CPU
	EndGlobalSection
	GlobalSection(ProjectConfigurationPlatforms) = postSolution
		{6E0A1DA4-401C-46E4-8CBB-A97B9F93EAB2}.Debug|Any CPU.ActiveCfg = Debug|Any CPU
		{6E0A1DA4-401C-46E4-8CBB-A97B9F93EAB2}.Debug|Any CPU.Build.0 = Debug|Any CPU
		{6E0A1DA4-401C-46E4-8CBB-A97B9F93EAB2}.Release|Any CPU.ActiveCfg = Release|Any CPU
		{6E0A1DA4-401C-46E4-8CBB-A97B9F93EAB2}.Release|Any CPU.Build.0 = Release|Any CPU
		{C23EB916-0103-4525-84C9-5BCF9156BA17}.Debug|Any CPU.ActiveCfg = Debug|Any CPU
		{C23EB916-0103-4525-84C9-5BCF9156BA17}.Debug|Any CPU.Build.0 = Debug|Any CPU
		{C23EB916-0103-4525-84C9-5BCF9156BA17}.Release|Any CPU.ActiveCfg = Release|Any CPU
		{C23EB916-0103-4525-84C9-5BCF9156BA17}.Release|Any CPU.Build.0 = Release|Any CPU
	EndGlobalSection
	GlobalSection(SolutionProperties) = preSolution
		HideSolutionNode = FALSE
	EndGlobalSection
	GlobalSection(ExtensibilityGlobals) = postSolution
		SolutionGuid = {33ABC38F-2961-440E-B558-7B09932771BA}
	EndGlobalSection
EndGlobal
